langcode: en
status: true
dependencies:
  config:
    - field.storage.node.field_event_block
    - node.type.slide
id: node.slide.field_event_block
field_name: field_event_block
entity_type: node
bundle: slide
label: 'Event or Article Block'
description: ''
required: false
translatable: false
default_value: {  }
default_value_callback: ''
settings:
  handler: 'default:block'
  handler_settings:
    target_bundles: null
    auto_create: false
field_type: entity_reference
